// !$*UTF8*$!
{
	archiveVersion = 1;
	classes = {
	};
	objectVersion = 50;
	objects = {

/* Begin PBXBuildFile section */
		1400709325D113900012AD13 /* LeaksPocApp.swift in Sources */ = {isa = PBXBuildFile; fileRef = 1400709225D113900012AD13 /* LeaksPocApp.swift */; };
		1400709725D113910012AD13 /* Assets.xcassets in Resources */ = {isa = PBXBuildFile; fileRef = 1400709625D113910012AD13 /* Assets.xcassets */; };
		1400709A25D113910012AD13 /* Preview Assets.xcassets in Resources */ = {isa = PBXBuildFile; fileRef = 1400709925D113910012AD13 /* Preview Assets.xcassets */; };
		140070A425D113C80012AD13 /* Sidebar.swift in Sources */ = {isa = PBXBuildFile; fileRef = 140070A325D113C80012AD13 /* Sidebar.swift */; };
		140070A725D114970012AD13 /* LeakListView.swift in Sources */ = {isa = PBXBuildFile; fileRef = 140070A625D114970012AD13 /* LeakListView.swift */; };
		140070AA25D115360012AD13 /* LeakDetailView.swift in Sources */ = {isa = PBXBuildFile; fileRef = 140070A925D115360012AD13 /* LeakDetailView.swift */; };
		140070AE25D15CEE0012AD13 /* ScrollLeakView.swift in Sources */ = {isa = PBXBuildFile; fileRef = 140070AD25D15CEE0012AD13 /* ScrollLeakView.swift */; };
/* End PBXBuildFile section */

/* Begin PBXFileReference section */
		1400708F25D113900012AD13 /* LeaksPoc.app */ = {isa = PBXFileReference; explicitFileType = wrapper.application; includeInIndex = 0; path = LeaksPoc.app; sourceTree = BUILT_PRODUCTS_DIR; };
		1400709225D113900012AD13 /* LeaksPocApp.swift */ = {isa = PBXFileReference; lastKnownFileType = sourcecode.swift; path = LeaksPocApp.swift; sourceTree = "<group>"; };
		1400709625D113910012AD13 /* Assets.xcassets */ = {isa = PBXFileReference; lastKnownFileType = folder.assetcatalog; path = Assets.xcassets; sourceTree = "<group>"; };
		1400709925D113910012AD13 /* Preview Assets.xcassets */ = {isa = PBXFileReference; lastKnownFileType = folder.assetcatalog; path = "Preview Assets.xcassets"; sourceTree = "<group>"; };
		1400709B25D113910012AD13 /* Info.plist */ = {isa = PBXFileReference; lastKnownFileType = text.plist.xml; path = Info.plist; sourceTree = "<group>"; };
		1400709C25D113910012AD13 /* LeaksPoc.entitlements */ = {isa = PBXFileReference; lastKnownFileType = text.plist.entitlements; path = LeaksPoc.entitlements; sourceTree = "<group>"; };
		140070A325D113C80012AD13 /* Sidebar.swift */ = {isa = PBXFileReference; lastKnownFileType = sourcecode.swift; path = Sidebar.swift; sourceTree = "<group>"; };
		140070A625D114970012AD13 /* LeakListView.swift */ = {isa = PBXFileReference; lastKnownFileType = sourcecode.swift; path = LeakListView.swift; sourceTree = "<group>"; };
		140070A925D115360012AD13 /* LeakDetailView.swift */ = {isa = PBXFileReference; lastKnownFileType = sourcecode.swift; path = LeakDetailView.swift; sourceTree = "<group>"; };
		140070AD25D15CEE0012AD13 /* ScrollLeakView.swift */ = {isa = PBXFileReference; lastKnownFileType = sourcecode.swift; path = ScrollLeakView.swift; sourceTree = "<group>"; };
/* End PBXFileReference section */

/* Begin PBXFrameworksBuildPhase section */
		1400708C25D113900012AD13 /* Frameworks */ = {
			isa = PBXFrameworksBuildPhase;
			buildActionMask = 2147483647;
			files = (
			);
			runOnlyForDeploymentPostprocessing = 0;
		};
/* End PBXFrameworksBuildPhase section */

/* Begin PBXGroup section */
		1400708625D113900012AD13 = {
			isa = PBXGroup;
			children = (
				1400709125D113900012AD13 /* LeaksPoc */,
				1400709025D113900012AD13 /* Products */,
			);
			sourceTree = "<group>";
		};
		1400709025D113900012AD13 /* Products */ = {
			isa = PBXGroup;
			children = (
				1400708F25D113900012AD13 /* LeaksPoc.app */,
			);
			name = Products;
			sourceTree = "<group>";
		};
		1400709125D113900012AD13 /* LeaksPoc */ = {
			isa = PBXGroup;
			children = (
				1400709225D113900012AD13 /* LeaksPocApp.swift */,
				1400709625D113910012AD13 /* Assets.xcassets */,
				1400709B25D113910012AD13 /* Info.plist */,
				1400709C25D113910012AD13 /* LeaksPoc.entitlements */,
				1400709825D113910012AD13 /* Preview Content */,
				140070A325D113C80012AD13 /* Sidebar.swift */,
				140070A625D114970012AD13 /* LeakListView.swift */,
				140070A925D115360012AD13 /* LeakDetailView.swift */,
				140070AD25D15CEE0012AD13 /* ScrollLeakView.swift */,
			);
			path = LeaksPoc;
			sourceTree = "<group>";
		};
		1400709825D113910012AD13 /* Preview Content */ = {
			isa = PBXGroup;
			children = (
				1400709925D113910012AD13 /* Preview Assets.xcassets */,
			);
			path = "Preview Content";
			sourceTree = "<group>";
		};
/* End PBXGroup section */

/* Begin PBXNativeTarget section */
		1400708E25D113900012AD13 /* LeaksPoc */ = {
			isa = PBXNativeTarget;
			buildConfigurationList = 1400709F25D113910012AD13 /* Build configuration list for PBXNativeTarget "LeaksPoc" */;
			buildPhases = (
				1400708B25D113900012AD13 /* Sources */,
				1400708C25D113900012AD13 /* Frameworks */,
				1400708D25D113900012AD13 /* Resources */,
			);
			buildRules = (
			);
			dependencies = (
			);
			name = LeaksPoc;
			productName = LeaksPoc;
			productReference = 1400708F25D113900012AD13 /* LeaksPoc.app */;
			productType = "com.apple.product-type.application";
		};
/* End PBXNativeTarget section */

/* Begin PBXProject section */
		1400708725D113900012AD13 /* Project object */ = {
			isa = PBXProject;
			attributes = {
				LastSwiftUpdateCheck = 1240;
				LastUpgradeCheck = 1240;
				TargetAttributes = {
					1400708E25D113900012AD13 = {
						CreatedOnToolsVersion = 12.4;
					};
				};
			};
			buildConfigurationList = 1400708A25D113900012AD13 /* Build configuration list for PBXProject "LeaksPoc" */;
			compatibilityVersion = "Xcode 9.3";
			developmentRegion = en;
			hasScannedForEncodings = 0;
			knownRegions = (
				en,
				Base,
			);
			mainGroup = 1400708625D113900012AD13;
			productRefGroup = 1400709025D113900012AD13 /* Products */;
			projectDirPath = "";
			projectRoot = "";
			targets = (
				1400708E25D113900012AD13 /* LeaksPoc */,
			);
		};
/* End PBXProject section */

/* Begin PBXResourcesBuildPhase section */
		1400708D25D113900012AD13 /* Resources */ = {
			isa = PBXResourcesBuildPhase;
			buildActionMask = 2147483647;
			files = (
				1400709A25D113910012AD13 /* Preview Assets.xcassets in Resources */,
				1400709725D113910012AD13 /* Assets.xcassets in Resources */,
			);
			runOnlyForDeploymentPostprocessing = 0;
		};
/* End PBXResourcesBuildPhase section */

/* Begin PBXSourcesBuildPhase section */
		1400708B25D113900012AD13 /* Sources */ = {
			isa = PBXSourcesBuildPhase;
			buildActionMask = 2147483647;
			files = (
				140070AE25D15CEE0012AD13 /* ScrollLeakView.swift in Sources */,
				140070A725D114970012AD13 /* LeakListView.swift in Sources */,
				140070A425D113C80012AD13 /* Sidebar.swift in Sources */,
				1400709325D113900012AD13 /* LeaksPocApp.swift in Sources */,
				140070AA25D115360012AD13 /* LeakDetailView.swift in Sources */,
			);
			runOnlyForDeploymentPostprocessing = 0;
		};
/* End PBXSourcesBuildPhase section */

/* Begin XCBuildConfiguration section */
		1400709D25D113910012AD13 /* Debug */ = {
			isa = XCBuildConfiguration;
			buildSettings = {
				ALWAYS_SEARCH_USER_PATHS = NO;
				CLANG_ANALYZER_NONNULL = YES;
				CLANG_ANALYZER_NUMBER_OBJECT_CONVERSION = YES_AGGRESSIVE;
				CLANG_CXX_LANGUAGE_STANDARD = "gnu++14";
				CLANG_CXX_LIBRARY = "libc++";
				CLANG_ENABLE_MODULES = YES;
				CLANG_ENABLE_OBJC_ARC = YES;
				CLANG_ENABLE_OBJC_WEAK = YES;
				CLANG_WARN_BLOCK_CAPTURE_AUTORELEASING = YES;
				CLANG_WARN_BOOL_CONVERSION = YES;
				CLANG_WARN_COMMA = YES;
				CLANG_WARN_CONSTANT_CONVERSION = YES;
				CLANG_WARN_DEPRECATED_OBJC_IMPLEMENTATIONS = YES;
				CLANG_WARN_DIRECT_OBJC_ISA_USAGE = YES_ERROR;
				CLANG_WARN_DOCUMENTATION_COMMENTS = YES;
				CLANG_WARN_EMPTY_BODY = YES;
				CLANG_WARN_ENUM_CONVERSION = YES;
				CLANG_WARN_INFINITE_RECURSION = YES;
				CLANG_WARN_INT_CONVERSION = YES;
				CLANG_WARN_NON_LITERAL_NULL_CONVERSION = YES;
				CLANG_WARN_OBJC_IMPLICIT_RETAIN_SELF = YES;
				CLANG_WARN_OBJC_LITERAL_CONVERSION = YES;
				CLANG_WARN_OBJC_ROOT_CLASS = YES_ERROR;
				CLANG_WARN_QUOTED_INCLUDE_IN_FRAMEWORK_HEADER = YES;
				CLANG_WARN_RANGE_LOOP_ANALYSIS = YES;
				CLANG_WARN_STRICT_PROTOTYPES = YES;
				CLANG_WARN_SUSPICIOUS_MOVE = YES;
				CLANG_WARN_UNGUARDED_AVAILABILITY = YES_AGGRESSIVE;
				CLANG_WARN_UNREACHABLE_CODE = YES;
				CLANG_WARN__DUPLICATE_METHOD_MATCH = YES;
				COPY_PHASE_STRIP = NO;
				DEBUG_INFORMATION_FORMAT = dwarf;
				ENABLE_STRICT_OBJC_MSGSEND = YES;
				ENABLE_TESTABILITY = YES;
				GCC_C_LANGUAGE_STANDARD = gnu11;
				GCC_DYNAMIC_NO_PIC = NO;
				GCC_NO_COMMON_BLOCKS = YES;
				GCC_OPTIMIZATION_LEVEL = 0;
				GCC_PREPROCESSOR_DEFINITIONS = (
					"DEBUG=1",
					"$(inherited)",
				);
				GCC_WARN_64_TO_32_BIT_CONVERSION = YES;
				GCC_WARN_ABOUT_RETURN_TYPE = YES_ERROR;
				GCC_WARN_UNDECLARED_SELECTOR = YES;
				GCC_WARN_UNINITIALIZED_AUTOS = YES_AGGRESSIVE;
				GCC_WARN_UNUSED_FUNCTION = YES;
				GCC_WARN_UNUSED_VARIABLE = YES;
				MACOSX_DEPLOYMENT_TARGET = 11.1;
				MTL_ENABLE_DEBUG_INFO = INCLUDE_SOURCE;
				MTL_FAST_MATH = YES;
				ONLY_ACTIVE_ARCH = YES;
				SDKROOT = macosx;
				SWIFT_ACTIVE_COMPILATION_CONDITIONS = DEBUG;
				SWIFT_OPTIMIZATION_LEVEL = "-Onone";
			};
			name = Debug;
		};
		1400709E25D113910012AD13 /* Release */ = {
			isa = XCBuildConfiguration;
			buildSettings = {
				ALWAYS_SEARCH_USER_PATHS = NO;
				CLANG_ANALYZER_NONNULL = YES;
				CLANG_ANALYZER_NUMBER_OBJECT_CONVERSION = YES_AGGRESSIVE;
				CLANG_CXX_LANGUAGE_STANDARD = "gnu++14";
				CLANG_CXX_LIBRARY = "libc++";
				CLANG_ENABLE_MODULES = YES;
				CLANG_ENABLE_OBJC_ARC = YES;
				CLANG_ENABLE_OBJC_WEAK = YES;
				CLANG_WARN_BLOCK_CAPTURE_AUTORELEASING = YES;
				CLANG_WARN_BOOL_CONVERSION = YES;
				CLANG_WARN_COMMA = YES;
				CLANG_WARN_CONSTANT_CONVERSION = YES;
				CLANG_WARN_DEPRECATED_OBJC_IMPLEMENTATIONS = YES;
				CLANG_WARN_DIRECT_OBJC_ISA_USAGE = YES_ERROR;
				CLANG_WARN_DOCUMENTATION_COMMENTS = YES;
				CLANG_WARN_EMPTY_BODY = YES;
				CLANG_WARN_ENUM_CONVERSION = YES;
				CLANG_WARN_INFINITE_RECURSION = YES;
				CLANG_WARN_INT_CONVERSION = YES;
				CLANG_WARN_NON_LITERAL_NULL_CONVERSION = YES;
				CLANG_WARN_OBJC_IMPLICIT_RETAIN_SELF = YES;
				CLANG_WARN_OBJC_LITERAL_CONVERSION = YES;
				CLANG_WARN_OBJC_ROOT_CLASS = YES_ERROR;
				CLANG_WARN_QUOTED_INCLUDE_IN_FRAMEWORK_HEADER = YES;
				CLANG_WARN_RANGE_LOOP_ANALYSIS = YES;
				CLANG_WARN_STRICT_PROTOTYPES = YES;
				CLANG_WARN_SUSPICIOUS_MOVE = YES;
				CLANG_WARN_UNGUARDED_AVAILABILITY = YES_AGGRESSIVE;
				CLANG_WARN_UNREACHABLE_CODE = YES;
				CLANG_WARN__DUPLICATE_METHOD_MATCH = YES;
				COPY_PHASE_STRIP = NO;
				DEBUG_INFORMATION_FORMAT = "dwarf-with-dsym";
				ENABLE_NS_ASSERTIONS = NO;
				ENABLE_STRICT_OBJC_MSGSEND = YES;
				GCC_C_LANGUAGE_STANDARD = gnu11;
				GCC_NO_COMMON_BLOCKS = YES;
				GCC_WARN_64_TO_32_BIT_CONVERSION = YES;
				GCC_WARN_ABOUT_RETURN_TYPE = YES_ERROR;
				GCC_WARN_UNDECLARED_SELECTOR = YES;
				GCC_WARN_UNINITIALIZED_AUTOS = YES_AGGRESSIVE;
				GCC_WARN_UNUSED_FUNCTION = YES;
				GCC_WARN_UNUSED_VARIABLE = YES;
				MACOSX_DEPLOYMENT_TARGET = 11.1;
				MTL_ENABLE_DEBUG_INFO = NO;
				MTL_FAST_MATH = YES;
				SDKROOT = macosx;
				SWIFT_COMPILATION_MODE = wholemodule;
				SWIFT_OPTIMIZATION_LEVEL = "-O";
			};
			name = Release;
		};
		140070A025D113910012AD13 /* Debug */ = {
			isa = XCBuildConfiguration;
			buildSettings = {
				ASSETCATALOG_COMPILER_APPICON_NAME = AppIcon;
				ASSETCATALOG_COMPILER_GLOBAL_ACCENT_COLOR_NAME = AccentColor;
				CODE_SIGN_ENTITLEMENTS = LeaksPoc/LeaksPoc.entitlements;
				CODE_SIGN_STYLE = Automatic;
				COMBINE_HIDPI_IMAGES = YES;
				DEVELOPMENT_ASSET_PATHS = "\"LeaksPoc/Preview Content\"";
				DEVELOPMENT_TEAM = PF3T6GXX3Y;
				ENABLE_HARDENED_RUNTIME = YES;
				ENABLE_PREVIEWS = YES;
				INFOPLIST_FILE = LeaksPoc/Info.plist;
				LD_RUNPATH_SEARCH_PATHS = (
					"$(inherited)",
					"@executable_path/../Frameworks",
				);
				MACOSX_DEPLOYMENT_TARGET = 11.0;
				PRODUCT_BUNDLE_IDENTIFIER = de.appventil.LeaksPoc;
				PRODUCT_NAME = "$(TARGET_NAME)";
				SWIFT_VERSION = 5.0;
			};
			name = Debug;
		};
		140070A125D113910012AD13 /* Release */ = {
			isa = XCBuildConfiguration;
			buildSettings = {
				ASSETCATALOG_COMPILER_APPICON_NAME = AppIcon;
				ASSETCATALOG_COMPILER_GLOBAL_ACCENT_COLOR_NAME = AccentColor;
				CODE_SIGN_ENTITLEMENTS = LeaksPoc/LeaksPoc.entitlements;
				CODE_SIGN_STYLE = Automatic;
				COMBINE_HIDPI_IMAGES = YES;
				DEVELOPMENT_ASSET_PATHS = "\"LeaksPoc/Preview Content\"";
				DEVELOPMENT_TEAM = PF3T6GXX3Y;
				ENABLE_HARDENED_RUNTIME = YES;
				ENABLE_PREVIEWS = YES;
				INFOPLIST_FILE = LeaksPoc/Info.plist;
				LD_RUNPATH_SEARCH_PATHS = (
					"$(inherited)",
					"@executable_path/../Frameworks",
				);
				MACOSX_DEPLOYMENT_TARGET = 11.0;
				PRODUCT_BUNDLE_IDENTIFIER = de.appventil.LeaksPoc;
				PRODUCT_NAME = "$(TARGET_NAME)";
				SWIFT_VERSION = 5.0;
			};
			name = Release;
		};
/* End XCBuildConfiguration section */

/* Begin XCConfigurationList section */
		1400708A25D113900012AD13 /* Build configuration list for PBXProject "LeaksPoc" */ = {
			isa = XCConfigurationList;
			buildConfigurations = (
				1400709D25D113910012AD13 /* Debug */,
				1400709E25D113910012AD13 /* Release */,
			);
			defaultConfigurationIsVisible = 0;
			defaultConfigurationName = Release;
		};
		1400709F25D113910012AD13 /* Build configuration list for PBXNativeTarget "LeaksPoc" */ = {
			isa = XCConfigurationList;
			buildConfigurations = (
				140070A025D113910012AD13 /* Debug */,
				140070A125D113910012AD13 /* Release */,
			);
			defaultConfigurationIsVisible = 0;
			defaultConfigurationName = Release;
		};
/* End XCConfigurationList section */
	};
	rootObject = 1400708725D113900012AD13 /* Project object */;
}
